
Microsoft Visual Studio Solution File, Format Version 12.00
# Visual Studio Version 16
VisualStudioVersion = 16.0.31424.327
MinimumVisualStudioVersion = 10.0.40219.1
Project("{FAE04EC0-301F-11D3-BF4B-00C04F79EFBC}") = "Peach Compiler", "Peach Compiler.csproj", "{B2F2EA6F-ABB4-4A23-851D-C84A0DDA81A0}"
EndProject
Global
	GlobalSection(SolutionConfigurationPlatforms) = preSolution
		Debug|Any CPU = Debug|Any CPU
		Release|Any CPU = Release|Any CPU
	EndGlobalSection
	GlobalSection(ProjectConfigurationPlatforms) = postSolution
		{B2F2EA6F-ABB4-4A23-851D-C84A0DDA81A0}.Debug|Any CPU.ActiveCfg = Debug|Any CPU
		{B2F2EA6F-ABB4-4A23-851D-C84A0DDA81A0}.Debug|Any CPU.Build.0 = Debug|Any CPU
		{B2F2EA6F-ABB4-4A23-851D-C84A0DDA81A0}.Release|Any CPU.ActiveCfg = Release|Any CPU
		{B2F2EA6F-ABB4-4A23-851D-C84A0DDA81A0}.Release|Any CPU.Build.0 = Release|Any CPU
	EndGlobalSection
	GlobalSection(SolutionProperties) = preSolution
		HideSolutionNode = FALSE
	EndGlobalSection
	GlobalSection(ExtensibilityGlobals) = postSolution
		SolutionGuid = {7CB6F403-E700-42F5-AFD3-6777C4951773}
	EndGlobalSection
EndGlobal
